
Microsoft Visual Studio Solution File, Format Version 12.00
# Visual Studio Version 16
VisualStudioVersion = 16.0.29215.179
MinimumVisualStudioVersion = 10.0.40219.1
Project("{9A19103F-16F7-4668-BE54-9A1E7A4F7556}") = "Core.Entity", "Core.Entity\Core.Entity.csproj", "{9E2FF48E-CF3C-4E0D-B847-72B186151AB8}"
EndProject
Project("{9A19103F-16F7-4668-BE54-9A1E7A4F7556}") = "Core", "Core\Core.csproj", "{553330D3-A4A6-4859-BD56-FAA348BF2A84}"
EndProject
Project("{9A19103F-16F7-4668-BE54-9A1E7A4F7556}") = "PetShop.UI.restAPI", "PetShop.UI.restAPI\PetShop.UI.restAPI.csproj", "{A8F6AA5F-077E-4674-B78E-26EE57B2DDB6}"
EndProject
Project("{2150E333-8FDC-42A3-9474-1A3956D46DE8}") = "UIFolder", "UIFolder", "{996538E4-0BF4-40ED-9B4E-C86F315BFA48}"
EndProject
Project("{2150E333-8FDC-42A3-9474-1A3956D46DE8}") = "CoreFolder", "CoreFolder", "{AF7E0541-D6AE-4926-A660-DA7E3A9F2839}"
EndProject
Project("{2150E333-8FDC-42A3-9474-1A3956D46DE8}") = "Data", "Data", "{B57A6D2F-25A3-4EA6-A108-36EB6C003326}"
EndProject
Project("{FAE04EC0-301F-11D3-BF4B-00C04F79EFBC}") = "PetShop.Infrastructure.SQL", "PetShop.Infrastructure.SQL\PetShop.Infrastructure.SQL.csproj", "{75AC4B06-C08A-4EDD-B2CC-128DEE5AABDF}"
EndProject
Global
	GlobalSection(SolutionConfigurationPlatforms) = preSolution
		Debug|Any CPU = Debug|Any CPU
		Release|Any CPU = Release|Any CPU
	EndGlobalSection
	GlobalSection(ProjectConfigurationPlatforms) = postSolution
		{9E2FF48E-CF3C-4E0D-B847-72B186151AB8}.Debug|Any CPU.ActiveCfg = Debug|Any CPU
		{9E2FF48E-CF3C-4E0D-B847-72B186151AB8}.Debug|Any CPU.Build.0 = Debug|Any CPU
		{9E2FF48E-CF3C-4E0D-B847-72B186151AB8}.Release|Any CPU.ActiveCfg = Release|Any CPU
		{9E2FF48E-CF3C-4E0D-B847-72B186151AB8}.Release|Any CPU.Build.0 = Release|Any CPU
		{553330D3-A4A6-4859-BD56-FAA348BF2A84}.Debug|Any CPU.ActiveCfg = Debug|Any CPU
		{553330D3-A4A6-4859-BD56-FAA348BF2A84}.Debug|Any CPU.Build.0 = Debug|Any CPU
		{553330D3-A4A6-4859-BD56-FAA348BF2A84}.Release|Any CPU.ActiveCfg = Release|Any CPU
		{553330D3-A4A6-4859-BD56-FAA348BF2A84}.Release|Any CPU.Build.0 = Release|Any CPU
		{A8F6AA5F-077E-4674-B78E-26EE57B2DDB6}.Debug|Any CPU.ActiveCfg = Debug|Any CPU
		{A8F6AA5F-077E-4674-B78E-26EE57B2DDB6}.Debug|Any CPU.Build.0 = Debug|Any CPU
		{A8F6AA5F-077E-4674-B78E-26EE57B2DDB6}.Release|Any CPU.ActiveCfg = Release|Any CPU
		{A8F6AA5F-077E-4674-B78E-26EE57B2DDB6}.Release|Any CPU.Build.0 = Release|Any CPU
		{75AC4B06-C08A-4EDD-B2CC-128DEE5AABDF}.Debug|Any CPU.ActiveCfg = Debug|Any CPU
		{75AC4B06-C08A-4EDD-B2CC-128DEE5AABDF}.Debug|Any CPU.Build.0 = Debug|Any CPU
		{75AC4B06-C08A-4EDD-B2CC-128DEE5AABDF}.Release|Any CPU.ActiveCfg = Release|Any CPU
		{75AC4B06-C08A-4EDD-B2CC-128DEE5AABDF}.Release|Any CPU.Build.0 = Release|Any CPU
	EndGlobalSection
	GlobalSection(SolutionProperties) = preSolution
		HideSolutionNode = FALSE
	EndGlobalSection
	GlobalSection(NestedProjects) = preSolution
		{9E2FF48E-CF3C-4E0D-B847-72B186151AB8} = {AF7E0541-D6AE-4926-A660-DA7E3A9F2839}
		{553330D3-A4A6-4859-BD56-FAA348BF2A84} = {AF7E0541-D6AE-4926-A660-DA7E3A9F2839}
		{A8F6AA5F-077E-4674-B78E-26EE57B2DDB6} = {996538E4-0BF4-40ED-9B4E-C86F315BFA48}
		{75AC4B06-C08A-4EDD-B2CC-128DEE5AABDF} = {B57A6D2F-25A3-4EA6-A108-36EB6C003326}
	EndGlobalSection
	GlobalSection(ExtensibilityGlobals) = postSolution
		SolutionGuid = {59F6E0A8-C5A4-4D62-89BE-B65E5521094E}
	EndGlobalSection
EndGlobal
